
Microsoft Visual Studio Solution File, Format Version 12.00
# Visual Studio 14
VisualStudioVersion = 14.0.23107.0
MinimumVisualStudioVersion = 10.0.40219.1
Project("{FAE04EC0-301F-11D3-BF4B-00C04F79EFBC}") = "BioinformaticsSuite.Module", "BioinformaticsSuite.Module\BioinformaticsSuite.Module.csproj", "{2B9C1FAD-50B7-4EEE-9610-A6960EB16BAA}"
EndProject
Project("{FAE04EC0-301F-11D3-BF4B-00C04F79EFBC}") = "BioinformaticsSuite.Shell", "BioinformaticsSuite.Shell\BioinformaticsSuite.Shell.csproj", "{A35E46F5-F7F6-4792-9467-3C58435DC291}"
EndProject
Project("{FAE04EC0-301F-11D3-BF4B-00C04F79EFBC}") = "BioinformaticsSuite.Tests", "BioinformaticsSuite.Tests\BioinformaticsSuite.Tests.csproj", "{58FBFAC3-74E6-4127-8EF1-BCCB14F607DF}"
EndProject
Global
	GlobalSection(SolutionConfigurationPlatforms) = preSolution
		Debug|Any CPU = Debug|Any CPU
		Release|Any CPU = Release|Any CPU
	EndGlobalSection
	GlobalSection(ProjectConfigurationPlatforms) = postSolution
		{2B9C1FAD-50B7-4EEE-9610-A6960EB16BAA}.Debug|Any CPU.ActiveCfg = Debug|Any CPU
		{2B9C1FAD-50B7-4EEE-9610-A6960EB16BAA}.Debug|Any CPU.Build.0 = Debug|Any CPU
		{2B9C1FAD-50B7-4EEE-9610-A6960EB16BAA}.Release|Any CPU.ActiveCfg = Release|Any CPU
		{2B9C1FAD-50B7-4EEE-9610-A6960EB16BAA}.Release|Any CPU.Build.0 = Release|Any CPU
		{A35E46F5-F7F6-4792-9467-3C58435DC291}.Debug|Any CPU.ActiveCfg = Debug|Any CPU
		{A35E46F5-F7F6-4792-9467-3C58435DC291}.Debug|Any CPU.Build.0 = Debug|Any CPU
		{A35E46F5-F7F6-4792-9467-3C58435DC291}.Release|Any CPU.ActiveCfg = Release|Any CPU
		{A35E46F5-F7F6-4792-9467-3C58435DC291}.Release|Any CPU.Build.0 = Release|Any CPU
		{58FBFAC3-74E6-4127-8EF1-BCCB14F607DF}.Debug|Any CPU.ActiveCfg = Debug|Any CPU
		{58FBFAC3-74E6-4127-8EF1-BCCB14F607DF}.Debug|Any CPU.Build.0 = Debug|Any CPU
		{58FBFAC3-74E6-4127-8EF1-BCCB14F607DF}.Release|Any CPU.ActiveCfg = Release|Any CPU
		{58FBFAC3-74E6-4127-8EF1-BCCB14F607DF}.Release|Any CPU.Build.0 = Release|Any CPU
	EndGlobalSection
	GlobalSection(SolutionProperties) = preSolution
		HideSolutionNode = FALSE
	EndGlobalSection
EndGlobal
